
Microsoft Visual Studio Solution File, Format Version 12.00
# Visual Studio Version 16
VisualStudioVersion = 16.0.31321.278
MinimumVisualStudioVersion = 10.0.40219.1
Project("{FAE04EC0-301F-11D3-BF4B-00C04F79EFBC}") = "VirtualAssistant", "VirtualAssistant\VirtualAssistant.csproj", "{A5BDCBE8-DEAA-4F1E-B1C1-6A11F0514C61}"
EndProject
Project("{FAE04EC0-301F-11D3-BF4B-00C04F79EFBC}") = "VirtualAssistant.Tests", "VirtualAssistant.Tests\VirtualAssistant.Tests.csproj", "{61CB9588-FBB6-41B6-BE8D-6F861D9B6AA2}"
EndProject
Global
	GlobalSection(SolutionConfigurationPlatforms) = preSolution
		Debug|Any CPU = Debug|Any CPU
		Release|Any CPU = Release|Any CPU
	EndGlobalSection
	GlobalSection(ProjectConfigurationPlatforms) = postSolution
		{A5BDCBE8-DEAA-4F1E-B1C1-6A11F0514C61}.Debug|Any CPU.ActiveCfg = Debug|Any CPU
		{A5BDCBE8-DEAA-4F1E-B1C1-6A11F0514C61}.Debug|Any CPU.Build.0 = Debug|Any CPU
		{A5BDCBE8-DEAA-4F1E-B1C1-6A11F0514C61}.Release|Any CPU.ActiveCfg = Release|Any CPU
		{A5BDCBE8-DEAA-4F1E-B1C1-6A11F0514C61}.Release|Any CPU.Build.0 = Release|Any CPU
		{61CB9588-FBB6-41B6-BE8D-6F861D9B6AA2}.Debug|Any CPU.ActiveCfg = Debug|Any CPU
		{61CB9588-FBB6-41B6-BE8D-6F861D9B6AA2}.Debug|Any CPU.Build.0 = Debug|Any CPU
		{61CB9588-FBB6-41B6-BE8D-6F861D9B6AA2}.Release|Any CPU.ActiveCfg = Release|Any CPU
		{61CB9588-FBB6-41B6-BE8D-6F861D9B6AA2}.Release|Any CPU.Build.0 = Release|Any CPU
	EndGlobalSection
	GlobalSection(SolutionProperties) = preSolution
		HideSolutionNode = FALSE
	EndGlobalSection
	GlobalSection(ExtensibilityGlobals) = postSolution
		SolutionGuid = {C91BE4FE-D5AA-4B56-9B1B-185988CB74B1}
	EndGlobalSection
EndGlobal
