
Microsoft Visual Studio Solution File, Format Version 12.00
# Visual Studio Version 16
VisualStudioVersion = 16.0.31321.278
MinimumVisualStudioVersion = 10.0.40219.1
Project("{9A19103F-16F7-4668-BE54-9A1E7A4F7556}") = "SkillServiceLibrary", "SkillServiceLibrary.csproj", "{721D71BA-D753-4585-A406-46F80C9E5B17}"
EndProject
Global
	GlobalSection(SolutionConfigurationPlatforms) = preSolution
		Debug|Any CPU = Debug|Any CPU
		Release|Any CPU = Release|Any CPU
	EndGlobalSection
	GlobalSection(ProjectConfigurationPlatforms) = postSolution
		{721D71BA-D753-4585-A406-46F80C9E5B17}.Debug|Any CPU.ActiveCfg = Debug|Any CPU
		{721D71BA-D753-4585-A406-46F80C9E5B17}.Debug|Any CPU.Build.0 = Debug|Any CPU
		{721D71BA-D753-4585-A406-46F80C9E5B17}.Release|Any CPU.ActiveCfg = Release|Any CPU
		{721D71BA-D753-4585-A406-46F80C9E5B17}.Release|Any CPU.Build.0 = Release|Any CPU
	EndGlobalSection
	GlobalSection(SolutionProperties) = preSolution
		HideSolutionNode = FALSE
	EndGlobalSection
	GlobalSection(ExtensibilityGlobals) = postSolution
		SolutionGuid = {4A9138F7-719B-4F9C-B92F-E9DE30C6F0FE}
	EndGlobalSection
EndGlobal
